{
  "version": 4,
  "terraform_version": "1.14.9",
  "serial": 9,
  "lineage": "2dda4dd4-bc0a-942f-529c-d637166467d5",
  "outputs": {},
  "resources": [
    {
      "mode": "data",
      "type": "yandex_compute_image",
      "name": "debian_latest",
      "provider": "provider[\"registry.terraform.io/yandex-cloud/yandex\"]",
      "instances": [
        {
          "schema_version": 0,
          "attributes": {
            "created_at": "2026-04-20T11:13:50Z",
            "description": "debian 11",
            "family": "debian-11",
            "folder_id": "standard-images",
            "hardware_generation": [
              {
                "generation2_features": [],
                "legacy_features": [
                  {
                    "pci_topology": "PCI_TOPOLOGY_V2"
                  }
                ]
              }
            ],
            "id": "fd8pbq7mct8s7mlbv0vc",
            "image_id": "fd8pbq7mct8s7mlbv0vc",
            "kms_key_id": null,
            "labels": {},
            "min_disk_size": 3,
            "name": "debian-11-v20260420",
            "os_type": "linux",
            "pooled": true,
            "product_ids": [
              "f2eulu4d22ue26g9a07g"
            ],
            "size": 2,
            "status": "ready"
          },
          "sensitive_attributes": [],
          "identity_schema_version": 0
        }
      ]
    },
    {
      "mode": "managed",
      "type": "yandex_compute_instance",
      "name": "vm-1",
      "provider": "provider[\"registry.terraform.io/yandex-cloud/yandex\"]",
      "instances": [
        {
          "schema_version": 1,
          "attributes": {
            "allow_recreate": null,
            "allow_stopping_for_update": true,
            "boot_disk": [
              {
                "auto_delete": true,
                "device_name": "fhmvnpks4iuanop165u9",
                "disk_id": "fhmvnpks4iuanop165u9",
                "initialize_params": [
                  {
                    "block_size": 4096,
                    "description": "",
                    "image_id": "fd8pbq7mct8s7mlbv0vc",
                    "kms_key_id": "",
                    "name": "",
                    "size": 3,
                    "snapshot_id": "",
                    "type": "network-hdd"
                  }
                ],
                "mode": "READ_WRITE"
              }
            ],
            "created_at": "2026-04-23T19:28:14Z",
            "description": "",
            "filesystem": [],
            "folder_id": "b1g50bv2g6tsl1jcn75t",
            "fqdn": "fhmlaj5b40kr8fbe0usn.auto.internal",
            "gpu_cluster_id": "",
            "hardware_generation": [
              {
                "generation2_features": [],
                "legacy_features": [
                  {
                    "pci_topology": "PCI_TOPOLOGY_V2"
                  }
                ]
              }
            ],
            "hostname": "",
            "id": "fhmlaj5b40kr8fbe0usn",
            "labels": {},
            "local_disk": [],
            "maintenance_grace_period": "",
            "maintenance_policy": null,
            "metadata": {
              "user-data": "#cloud-config\nusers:\n  - name: admin\n    groups: sudo\n    shell: /bin/bash\n    sudo: ['ALL=(ALL) NOPASSWD:ALL']\n    ssh-authorized-keys:\n      - ssh-ed25519 AAAAC3NzaC1lZDI1NTE5AAAAICejSRhfbcVS/kXqv2C8/UEZYBif7lVeFDmRcBf+OxzA Yuklashov@Air-Aleks\n"
            },
            "metadata_options": [
              {
                "aws_v1_http_endpoint": 1,
                "aws_v1_http_token": 2,
                "gce_http_endpoint": 1,
                "gce_http_token": 1
              }
            ],
            "name": "smon-hw-01-vm",
            "network_acceleration_type": "standard",
            "network_interface": [
              {
                "dns_record": [],
                "index": 0,
                "ip_address": "192.168.10.5",
                "ipv4": true,
                "ipv6": false,
                "ipv6_address": "",
                "ipv6_dns_record": [],
                "mac_address": "d0:0d:15:54:ca:b2",
                "nat": true,
                "nat_dns_record": [],
                "nat_ip_address": "111.88.255.224",
                "nat_ip_version": "IPV4",
                "security_group_ids": [],
                "subnet_id": "e9b458hv8thgf4tn8skc"
              }
            ],
            "placement_policy": [
              {
                "host_affinity_rules": [],
                "placement_group_id": "",
                "placement_group_partition": 0
              }
            ],
            "platform_id": "standard-v3",
            "resources": [
              {
                "core_fraction": 20,
                "cores": 2,
                "gpus": 0,
                "memory": 1
              }
            ],
            "scheduling_policy": [
              {
                "preemptible": true
              }
            ],
            "secondary_disk": [],
            "service_account_id": "",
            "status": "running",
            "timeouts": null,
            "zone": "ru-central1-a"
          },
          "sensitive_attributes": [
            [
              {
                "type": "get_attr",
                "value": "metadata"
              },
              {
                "type": "index",
                "value": {
                  "value": "user-data",
                  "type": "string"
                }
              }
            ]
          ],
          "identity_schema_version": 0,
          "private": "eyJlMmJmYjczMC1lY2FhLTExZTYtOGY4OC0zNDM2M2JjN2M0YzAiOnsiY3JlYXRlIjozMDAwMDAwMDAwMDAsImRlbGV0ZSI6MzAwMDAwMDAwMDAwLCJ1cGRhdGUiOjMwMDAwMDAwMDAwMH0sInNjaGVtYV92ZXJzaW9uIjoiMSJ9",
          "dependencies": [
            "data.yandex_compute_image.debian_latest"
          ]
        }
      ]
    },
    {
      "mode": "managed",
      "type": "yandex_monitoring_dashboard",
      "name": "my_dashboard",
      "provider": "provider[\"registry.terraform.io/yandex-cloud/yandex\"]",
      "instances": [
        {
          "schema_version": 1,
          "attributes": {
            "dashboard_id": "fbefulqdaskvka6ioa0o",
            "description": "Dashboard for smon-hw-01",
            "folder_id": "b1g50bv2g6tsl1jcn75t",
            "id": "fbefulqdaskvka6ioa0o",
            "labels": {},
            "name": "smon-hw-01-dashboard",
            "parametrization": [
              {
                "parameters": [],
                "selectors": ""
              }
            ],
            "timeouts": null,
            "title": "smon-hw-01",
            "widgets": [
              {
                "chart": [],
                "position": [
                  {
                    "h": 8,
                    "w": 12,
                    "x": 0,
                    "y": 0
                  }
                ],
                "text": [],
                "title": []
              }
            ]
          },
          "sensitive_attributes": [],
          "identity_schema_version": 0,
          "private": "eyJlMmJmYjczMC1lY2FhLTExZTYtOGY4OC0zNDM2M2JjN2M0YzAiOnsiY3JlYXRlIjoxMjAwMDAwMDAwMDAsImRlbGV0ZSI6MTIwMDAwMDAwMDAwLCJyZWFkIjoxMjAwMDAwMDAwMDAsInVwZGF0ZSI6MTIwMDAwMDAwMDAwfSwic2NoZW1hX3ZlcnNpb24iOiIxIn0=",
          "dependencies": [
            "data.yandex_compute_image.debian_latest",
            "yandex_compute_instance.vm-1"
          ]
        }
      ]
    }
  ],
  "check_results": null
}
